
Microsoft Visual Studio Solution File, Format Version 12.00
# Visual Studio Version 17
VisualStudioVersion = 17.0.32014.148
MinimumVisualStudioVersion = 10.0.40219.1
Project("{FAE04EC0-301F-11D3-BF4B-00C04F79EFBC}") = "MoodAnalyser", "MoodAnalyser\MoodAnalyser.csproj", "{58DDEF43-E5F3-4BB7-8478-567EC5182964}"
EndProject
Project("{FAE04EC0-301F-11D3-BF4B-00C04F79EFBC}") = "MoodAnalyserr", "MoodAnalyserr\MoodAnalyserr.csproj", "{49122EE6-9DE6-403A-9B95-A47A67571E08}"
EndProject
Global
	GlobalSection(SolutionConfigurationPlatforms) = preSolution
		Debug|Any CPU = Debug|Any CPU
		Release|Any CPU = Release|Any CPU
	EndGlobalSection
	GlobalSection(ProjectConfigurationPlatforms) = postSolution
		{58DDEF43-E5F3-4BB7-8478-567EC5182964}.Debug|Any CPU.ActiveCfg = Debug|Any CPU
		{58DDEF43-E5F3-4BB7-8478-567EC5182964}.Debug|Any CPU.Build.0 = Debug|Any CPU
		{58DDEF43-E5F3-4BB7-8478-567EC5182964}.Release|Any CPU.ActiveCfg = Release|Any CPU
		{58DDEF43-E5F3-4BB7-8478-567EC5182964}.Release|Any CPU.Build.0 = Release|Any CPU
		{49122EE6-9DE6-403A-9B95-A47A67571E08}.Debug|Any CPU.ActiveCfg = Debug|Any CPU
		{49122EE6-9DE6-403A-9B95-A47A67571E08}.Debug|Any CPU.Build.0 = Debug|Any CPU
		{49122EE6-9DE6-403A-9B95-A47A67571E08}.Release|Any CPU.ActiveCfg = Release|Any CPU
		{49122EE6-9DE6-403A-9B95-A47A67571E08}.Release|Any CPU.Build.0 = Release|Any CPU
	EndGlobalSection
	GlobalSection(SolutionProperties) = preSolution
		HideSolutionNode = FALSE
	EndGlobalSection
	GlobalSection(ExtensibilityGlobals) = postSolution
		SolutionGuid = {1ED2F28E-EDE1-4986-994C-C33A5E8DCB45}
	EndGlobalSection
EndGlobal
